# THIS IS AN AUTOGENERATED FILE. DO NOT EDIT THIS FILE DIRECTLY.
# yarn lockfile v1


prettier@^2.0.5:
  version "2.0.5"
  resolved "https://registry.yarnpkg.com/prettier/-/prettier-2.0.5.tgz#d6d56282455243f2f92cc1716692c08aa31522d4"
  integrity sha512-7PtVymN48hGcO4fGjybyBSIWDsLU4H4XlvOHfq91pz9kkGlonzwTfYkaIEwiRg/dAJF9YlbsduBAgtYLi+8cFg==

typescript@^3.9.7:
  version "3.9.7"
  resolved "https://registry.yarnpkg.com/typescript/-/typescript-3.9.7.tgz#98d600a5ebdc38f40cb277522f12dc800e9e25fa"
  integrity sha512-BLbiRkiBzAwsjut4x/dsibSTB6yWpwT5qWmC2OfuCg3GgVQCSgMs4vEctYPhsaGtd0AeuuHMkjZ2h2WG8MSzRw==

webextension-polyfill-ts@0.19.0:
  version "0.19.0"
  resolved "https://registry.yarnpkg.com/webextension-polyfill-ts/-/webextension-polyfill-ts-0.19.0.tgz#3e3a059c656936c853b47d2a57bf114c615c1e1e"
  integrity sha512-VcA7bdf0dzUc8JXQwQU+spSUTV0Gc0Y7VPsdrEFLbuTxJluC4xBoKVWtfUXRqykVfDvFsfo591+p1MmPSJezsw==
  dependencies:
    webextension-polyfill "^0.6.0"

webextension-polyfill@^0.6.0:
  version "0.6.0"
  resolved "https://registry.yarnpkg.com/webextension-polyfill/-/webextension-polyfill-0.6.0.tgz#1afd925f3274a0d4848083579b9c0b649a5c6763"
  integrity sha512-PlYwiX8e4bNZrEeBFxbFFsLtm0SMPxJliLTGdNCA0Bq2XkWrAn2ejUd+89vZm+8BnfFB1BclJyCz3iKsm2atNg==
